# THIS IS AN AUTOGENERATED FILE. DO NOT EDIT THIS FILE DIRECTLY.
# yarn lockfile v1


"@ovyerus/licenses@^6.4.4":
  version "6.4.4"
  resolved "https://registry.npm.taobao.org/@ovyerus/licenses/download/@ovyerus/licenses-6.4.4.tgz#596e3ace46ab7c70bcf0e2b17f259796a4bedf9f"
  integrity sha1-WW46zkarfHC88OKxfyWXlqS+358=

ansi-regex@^5.0.0:
  version "5.0.0"
  resolved "https://registry.npm.taobao.org/ansi-regex/download/ansi-regex-5.0.0.tgz#388539f55179bf39339c81af30a654d69f87cb75"
  integrity sha1-OIU59VF5vzkznIGvMKZU1p+Hy3U=

ansi-styles@^4.0.0:
  version "4.3.0"
  resolved "https://registry.npm.taobao.org/ansi-styles/download/ansi-styles-4.3.0.tgz?cache=0&sync_timestamp=1606792255762&other_urls=https%3A%2F%2Fregistry.npm.taobao.org%2Fansi-styles%2Fdownload%2Fansi-styles-4.3.0.tgz#edd803628ae71c04c85ae7a0906edad34b648937"
  integrity sha1-7dgDYornHATIWuegkG7a00tkiTc=
  dependencies:
    color-convert "^2.0.1"

bootstrap@4.3.1:
  version "4.3.1"
  resolved "https://registry.yarnpkg.com/bootstrap/-/bootstrap-4.3.1.tgz#280ca8f610504d99d7b6b4bfc4b68cec601704ac"
  integrity sha512-rXqOmH1VilAt2DyPzluTi2blhk17bO7ef+zLLPlWvG494pDxcM234pJ8wTc/6R40UWizAIIMgxjvxZg5kmsbag==

camelcase@^5.0.0:
  version "5.3.1"
  resolved "https://registry.npm.taobao.org/camelcase/download/camelcase-5.3.1.tgz?cache=0&sync_timestamp=1603921799543&other_urls=https%3A%2F%2Fregistry.npm.taobao.org%2Fcamelcase%2Fdownload%2Fcamelcase-5.3.1.tgz#e3c9b31569e106811df242f715725a1f4c494320"
  integrity sha1-48mzFWnhBoEd8kL3FXJaH0xJQyA=

cliui@^6.0.0:
  version "6.0.0"
  resolved "https://registry.npm.taobao.org/cliui/download/cliui-6.0.0.tgz?cache=0&sync_timestamp=1604880017635&other_urls=https%3A%2F%2Fregistry.npm.taobao.org%2Fcliui%2Fdownload%2Fcliui-6.0.0.tgz#511d702c0c4e41ca156d7d0e96021f23e13225b1"
  integrity sha1-UR1wLAxOQcoVbX0OlgIfI+EyJbE=
  dependencies:
    string-width "^4.2.0"
    strip-ansi "^6.0.0"
    wrap-ansi "^6.2.0"

color-convert@^2.0.1:
  version "2.0.1"
  resolved "https://registry.npm.taobao.org/color-convert/download/color-convert-2.0.1.tgz#72d3a68d598c9bdb3af2ad1e84f21d896abd4de3"
  integrity sha1-ctOmjVmMm9s68q0ehPIdiWq9TeM=
  dependencies:
    color-name "~1.1.4"

color-name@~1.1.4:
  version "1.1.4"
  resolved "https://registry.npm.taobao.org/color-name/download/color-name-1.1.4.tgz#c2a09a87acbde69543de6f63fa3995c826c536a2"
  integrity sha1-wqCah6y95pVD3m9j+jmVyCbFNqI=

configstore@^5.0.1:
  version "5.0.1"
  resolved "https://registry.npm.taobao.org/configstore/download/configstore-5.0.1.tgz#d365021b5df4b98cdd187d6a3b0e3f6a7cc5ed96"
  integrity sha1-02UCG130uYzdGH1qOw4/anzF7ZY=
  dependencies:
    dot-prop "^5.2.0"
    graceful-fs "^4.1.2"
    make-dir "^3.0.0"
    unique-string "^2.0.0"
    write-file-atomic "^3.0.0"
    xdg-basedir "^4.0.0"

crypto-random-string@^2.0.0:
  version "2.0.0"
  resolved "https://registry.npm.taobao.org/crypto-random-string/download/crypto-random-string-2.0.0.tgz?cache=0&sync_timestamp=1599137690451&other_urls=https%3A%2F%2Fregistry.npm.taobao.org%2Fcrypto-random-string%2Fdownload%2Fcrypto-random-string-2.0.0.tgz#ef2a7a966ec11083388369baa02ebead229b30d5"
  integrity sha1-7yp6lm7BEIM4g2m6oC6+rSKbMNU=

decamelize@^1.2.0:
  version "1.2.0"
  resolved "https://registry.npm.taobao.org/decamelize/download/decamelize-1.2.0.tgz#f6534d15148269b20352e7bee26f501f9a191290"
  integrity sha1-9lNNFRSCabIDUue+4m9QH5oZEpA=

detect-indent@^6.0.0:
  version "6.0.0"
  resolved "https://registry.npm.taobao.org/detect-indent/download/detect-indent-6.0.0.tgz#0abd0f549f69fc6659a254fe96786186b6f528fd"
  integrity sha1-Cr0PVJ9p/GZZolT+lnhhhrb1KP0=

dot-prop@^5.2.0:
  version "5.3.0"
  resolved "https://registry.npm.taobao.org/dot-prop/download/dot-prop-5.3.0.tgz?cache=0&sync_timestamp=1605778259603&other_urls=https%3A%2F%2Fregistry.npm.taobao.org%2Fdot-prop%2Fdownload%2Fdot-prop-5.3.0.tgz#90ccce708cd9cd82cc4dc8c3ddd9abdd55b20e88"
  integrity sha1-kMzOcIzZzYLMTcjD3dmr3VWyDog=
  dependencies:
    is-obj "^2.0.0"

emoji-regex@^8.0.0:
  version "8.0.0"
  resolved "https://registry.npm.taobao.org/emoji-regex/download/emoji-regex-8.0.0.tgz#e818fd69ce5ccfcb404594f842963bf53164cc37"
  integrity sha1-6Bj9ac5cz8tARZT4QpY79TFkzDc=

find-up@^4.1.0:
  version "4.1.0"
  resolved "https://registry.npm.taobao.org/find-up/download/find-up-4.1.0.tgz#97afe7d6cdc0bc5928584b7c8d7b16e8a9aa5d19"
  integrity sha1-l6/n1s3AvFkoWEt8jXsW6KmqXRk=
  dependencies:
    locate-path "^5.0.0"
    path-exists "^4.0.0"

fuzzy-search@^3.2.1:
  version "3.2.1"
  resolved "https://registry.npm.taobao.org/fuzzy-search/download/fuzzy-search-3.2.1.tgz#65d5faad6bc633aee86f1898b7788dfe312ac6c9"
  integrity sha1-ZdX6rWvGM67obxiYt3iN/jEqxsk=

get-caller-file@^2.0.1:
  version "2.0.5"
  resolved "https://registry.npm.taobao.org/get-caller-file/download/get-caller-file-2.0.5.tgz#4f94412a82db32f36e3b0b9741f8a97feb031f7e"
  integrity sha1-T5RBKoLbMvNuOwuXQfipf+sDH34=

git-config-path@^2.0.0:
  version "2.0.0"
  resolved "https://registry.npm.taobao.org/git-config-path/download/git-config-path-2.0.0.tgz#62633d61af63af4405a5024efd325762f58a181b"
  integrity sha1-YmM9Ya9jr0QFpQJO/TJXYvWKGBs=

graceful-fs@^4.1.2:
  version "4.2.4"
  resolved "https://registry.npm.taobao.org/graceful-fs/download/graceful-fs-4.2.4.tgz#2256bde14d3632958c465ebc96dc467ca07a29fb"
  integrity sha1-Ila94U02MpWMRl68ltxGfKB6Kfs=

imurmurhash@^0.1.4:
  version "0.1.4"
  resolved "https://registry.npm.taobao.org/imurmurhash/download/imurmurhash-0.1.4.tgz#9218b9b2b928a238b13dc4fb6b6d576f231453ea"
  integrity sha1-khi5srkoojixPcT7a21XbyMUU+o=

ini@^1.3.5:
  version "1.3.8"
  resolved "https://registry.npm.taobao.org/ini/download/ini-1.3.8.tgz?cache=0&sync_timestamp=1607907810942&other_urls=https%3A%2F%2Fregistry.npm.taobao.org%2Fini%2Fdownload%2Fini-1.3.8.tgz#a29da425b48806f34767a4efce397269af28432c"
  integrity sha1-op2kJbSIBvNHZ6Tvzjlyaa8oQyw=

is-fullwidth-code-point@^3.0.0:
  version "3.0.0"
  resolved "https://registry.npm.taobao.org/is-fullwidth-code-point/download/is-fullwidth-code-point-3.0.0.tgz#f116f8064fe90b3f7844a38997c0b75051269f1d"
  integrity sha1-8Rb4Bk/pCz94RKOJl8C3UFEmnx0=

is-obj@^2.0.0:
  version "2.0.0"
  resolved "https://registry.npm.taobao.org/is-obj/download/is-obj-2.0.0.tgz#473fb05d973705e3fd9620545018ca8e22ef4982"
  integrity sha1-Rz+wXZc3BeP9liBUUBjKjiLvSYI=

is-typedarray@^1.0.0:
  version "1.0.0"
  resolved "https://registry.npm.taobao.org/is-typedarray/download/is-typedarray-1.0.0.tgz#e479c80858df0c1b11ddda6940f96011fcda4a9a"
  integrity sha1-5HnICFjfDBsR3dppQPlgEfzaSpo=

jquery@^3.5.1:
  version "3.5.1"
  resolved "https://registry.npm.taobao.org/jquery/download/jquery-3.5.1.tgz?cache=0&other_urls=https%3A%2F%2Fregistry.npm.taobao.org%2Fjquery%2Fdownload%2Fjquery-3.5.1.tgz#d7b4d08e1bfdb86ad2f1a3d039ea17304717abb5"
  integrity sha1-17TQjhv9uGrS8aPQOeoXMEcXq7U=

kleur@^3.0.3:
  version "3.0.3"
  resolved "https://registry.npm.taobao.org/kleur/download/kleur-3.0.3.tgz?cache=0&sync_timestamp=1601440395620&other_urls=https%3A%2F%2Fregistry.npm.taobao.org%2Fkleur%2Fdownload%2Fkleur-3.0.3.tgz#a79c9ecc86ee1ce3fa6206d1216c501f147fc07e"
  integrity sha1-p5yezIbuHOP6YgbRIWxQHxR/wH4=

license@ISC:
  version "1.0.3"
  resolved "https://registry.npm.taobao.org/license/download/license-1.0.3.tgz#5c0085eff650bbd9f453a1cdd9206aa1ffb6a538"
  integrity sha1-XACF7/ZQu9n0U6HN2SBqof+2pTg=
  dependencies:
    "@ovyerus/licenses" "^6.4.4"
    configstore "^5.0.1"
    detect-indent "^6.0.0"
    fuzzy-search "^3.2.1"
    git-config-path "^2.0.0"
    parse-git-config "^3.0.0"
    prompts "^2.3.2"
    wrap-text "^1.0.8"
    yargs "^15.3.1"

locate-path@^5.0.0:
  version "5.0.0"
  resolved "https://registry.npm.taobao.org/locate-path/download/locate-path-5.0.0.tgz#1afba396afd676a6d42504d0a67a3a7eb9f62aa0"
  integrity sha1-Gvujlq/WdqbUJQTQpno6frn2KqA=
  dependencies:
    p-locate "^4.1.0"

make-dir@^3.0.0:
  version "3.1.0"
  resolved "https://registry.npm.taobao.org/make-dir/download/make-dir-3.1.0.tgz#415e967046b3a7f1d185277d84aa58203726a13f"
  integrity sha1-QV6WcEazp/HRhSd9hKpYIDcmoT8=
  dependencies:
    semver "^6.0.0"

p-limit@^2.2.0:
  version "2.3.0"
  resolved "https://registry.npm.taobao.org/p-limit/download/p-limit-2.3.0.tgz?cache=0&sync_timestamp=1606288333421&other_urls=https%3A%2F%2Fregistry.npm.taobao.org%2Fp-limit%2Fdownload%2Fp-limit-2.3.0.tgz#3dd33c647a214fdfffd835933eb086da0dc21db1"
  integrity sha1-PdM8ZHohT9//2DWTPrCG2g3CHbE=
  dependencies:
    p-try "^2.0.0"

p-locate@^4.1.0:
  version "4.1.0"
  resolved "https://registry.npm.taobao.org/p-locate/download/p-locate-4.1.0.tgz#a3428bb7088b3a60292f66919278b7c297ad4f07"
  integrity sha1-o0KLtwiLOmApL2aRkni3wpetTwc=
  dependencies:
    p-limit "^2.2.0"

p-try@^2.0.0:
  version "2.2.0"
  resolved "https://registry.npm.taobao.org/p-try/download/p-try-2.2.0.tgz#cb2868540e313d61de58fafbe35ce9004d5540e6"
  integrity sha1-yyhoVA4xPWHeWPr741zpAE1VQOY=

parse-git-config@^3.0.0:
  version "3.0.0"
  resolved "https://registry.npm.taobao.org/parse-git-config/download/parse-git-config-3.0.0.tgz#4a2de08c7b74a2555efa5ae94d40cd44302a6132"
  integrity sha1-Si3gjHt0olVe+lrpTUDNRDAqYTI=
  dependencies:
    git-config-path "^2.0.0"
    ini "^1.3.5"

path-exists@^4.0.0:
  version "4.0.0"
  resolved "https://registry.npm.taobao.org/path-exists/download/path-exists-4.0.0.tgz#513bdbe2d3b95d7762e8c1137efa195c6c61b5b3"
  integrity sha1-UTvb4tO5XXdi6METfvoZXGxhtbM=

popper.js@^1.16.1:
  version "1.16.1"
  resolved "https://registry.npm.taobao.org/popper.js/download/popper.js-1.16.1.tgz#2a223cb3dc7b6213d740e40372be40de43e65b1b"
  integrity sha1-KiI8s9x7YhPXQOQDcr5A3kPmWxs=

prompts@^2.3.2:
  version "2.4.0"
  resolved "https://registry.npm.taobao.org/prompts/download/prompts-2.4.0.tgz#4aa5de0723a231d1ee9121c40fdf663df73f61d7"
  integrity sha1-SqXeByOiMdHukSHED99mPfc/Ydc=
  dependencies:
    kleur "^3.0.3"
    sisteransi "^1.0.5"

require-directory@^2.1.1:
  version "2.1.1"
  resolved "https://registry.npm.taobao.org/require-directory/download/require-directory-2.1.1.tgz#8c64ad5fd30dab1c976e2344ffe7f792a6a6df42"
  integrity sha1-jGStX9MNqxyXbiNE/+f3kqam30I=

require-main-filename@^2.0.0:
  version "2.0.0"
  resolved "https://registry.npm.taobao.org/require-main-filename/download/require-main-filename-2.0.0.tgz#d0b329ecc7cc0f61649f62215be69af54aa8989b"
  integrity sha1-0LMp7MfMD2Fkn2IhW+aa9UqomJs=

semver@^6.0.0:
  version "6.3.0"
  resolved "https://registry.npm.taobao.org/semver/download/semver-6.3.0.tgz?cache=0&sync_timestamp=1606851912015&other_urls=https%3A%2F%2Fregistry.npm.taobao.org%2Fsemver%2Fdownload%2Fsemver-6.3.0.tgz#ee0a64c8af5e8ceea67687b133761e1becbd1d3d"
  integrity sha1-7gpkyK9ejO6mdoexM3YeG+y9HT0=

set-blocking@^2.0.0:
  version "2.0.0"
  resolved "https://registry.npm.taobao.org/set-blocking/download/set-blocking-2.0.0.tgz#045f9782d011ae9a6803ddd382b24392b3d890f7"
  integrity sha1-BF+XgtARrppoA93TgrJDkrPYkPc=

signal-exit@^3.0.2:
  version "3.0.3"
  resolved "https://registry.npm.taobao.org/signal-exit/download/signal-exit-3.0.3.tgz#a1410c2edd8f077b08b4e253c8eacfcaf057461c"
  integrity sha1-oUEMLt2PB3sItOJTyOrPyvBXRhw=

sisteransi@^1.0.5:
  version "1.0.5"
  resolved "https://registry.npm.taobao.org/sisteransi/download/sisteransi-1.0.5.tgz#134d681297756437cc05ca01370d3a7a571075ed"
  integrity sha1-E01oEpd1ZDfMBcoBNw06elcQde0=

string-width@^4.1.0, string-width@^4.2.0:
  version "4.2.0"
  resolved "https://registry.npm.taobao.org/string-width/download/string-width-4.2.0.tgz#952182c46cc7b2c313d1596e623992bd163b72b5"
  integrity sha1-lSGCxGzHssMT0VluYjmSvRY7crU=
  dependencies:
    emoji-regex "^8.0.0"
    is-fullwidth-code-point "^3.0.0"
    strip-ansi "^6.0.0"

strip-ansi@^6.0.0:
  version "6.0.0"
  resolved "https://registry.npm.taobao.org/strip-ansi/download/strip-ansi-6.0.0.tgz#0b1571dd7669ccd4f3e06e14ef1eed26225ae532"
  integrity sha1-CxVx3XZpzNTz4G4U7x7tJiJa5TI=
  dependencies:
    ansi-regex "^5.0.0"

typedarray-to-buffer@^3.1.5:
  version "3.1.5"
  resolved "https://registry.npm.taobao.org/typedarray-to-buffer/download/typedarray-to-buffer-3.1.5.tgz#a97ee7a9ff42691b9f783ff1bc5112fe3fca9080"
  integrity sha1-qX7nqf9CaRufeD/xvFES/j/KkIA=
  dependencies:
    is-typedarray "^1.0.0"

unique-string@^2.0.0:
  version "2.0.0"
  resolved "https://registry.npm.taobao.org/unique-string/download/unique-string-2.0.0.tgz#39c6451f81afb2749de2b233e3f7c5e8843bd89d"
  integrity sha1-OcZFH4GvsnSd4rIz4/fF6IQ72J0=
  dependencies:
    crypto-random-string "^2.0.0"

which-module@^2.0.0:
  version "2.0.0"
  resolved "https://registry.npm.taobao.org/which-module/download/which-module-2.0.0.tgz#d9ef07dce77b9902b8a3a8fa4b31c3e3f7e6e87a"
  integrity sha1-2e8H3Od7mQK4o6j6SzHD4/fm6Ho=

wrap-ansi@^6.2.0:
  version "6.2.0"
  resolved "https://registry.npm.taobao.org/wrap-ansi/download/wrap-ansi-6.2.0.tgz#e9393ba07102e6c91a3b221478f0257cd2856e53"
  integrity sha1-6Tk7oHEC5skaOyIUePAlfNKFblM=
  dependencies:
    ansi-styles "^4.0.0"
    string-width "^4.1.0"
    strip-ansi "^6.0.0"

wrap-text@^1.0.8:
  version "1.0.9"
  resolved "https://registry.npm.taobao.org/wrap-text/download/wrap-text-1.0.9.tgz#0b4d7ba2c5e45dc92d0fab63d5c479ab1aff1f1a"
  integrity sha1-C017osXkXcktD6tj1cR5qxr/Hxo=

write-file-atomic@^3.0.0:
  version "3.0.3"
  resolved "https://registry.npm.taobao.org/write-file-atomic/download/write-file-atomic-3.0.3.tgz#56bd5c5a5c70481cd19c571bd39ab965a5de56e8"
  integrity sha1-Vr1cWlxwSBzRnFcb05q5ZaXeVug=
  dependencies:
    imurmurhash "^0.1.4"
    is-typedarray "^1.0.0"
    signal-exit "^3.0.2"
    typedarray-to-buffer "^3.1.5"

xdg-basedir@^4.0.0:
  version "4.0.0"
  resolved "https://registry.npm.taobao.org/xdg-basedir/download/xdg-basedir-4.0.0.tgz#4bc8d9984403696225ef83a1573cbbcb4e79db13"
  integrity sha1-S8jZmEQDaWIl74OhVzy7y0552xM=

y18n@^4.0.0:
  version "4.0.1"
  resolved "https://registry.npm.taobao.org/y18n/download/y18n-4.0.1.tgz?cache=0&sync_timestamp=1609798892990&other_urls=https%3A%2F%2Fregistry.npm.taobao.org%2Fy18n%2Fdownload%2Fy18n-4.0.1.tgz#8db2b83c31c5d75099bb890b23f3094891e247d4"
  integrity sha1-jbK4PDHF11CZu4kLI/MJSJHiR9Q=

yargs-parser@^18.1.2:
  version "18.1.3"
  resolved "https://registry.npm.taobao.org/yargs-parser/download/yargs-parser-18.1.3.tgz?cache=0&sync_timestamp=1604886709178&other_urls=https%3A%2F%2Fregistry.npm.taobao.org%2Fyargs-parser%2Fdownload%2Fyargs-parser-18.1.3.tgz#be68c4975c6b2abf469236b0c870362fab09a7b0"
  integrity sha1-vmjEl1xrKr9GkjawyHA2L6sJp7A=
  dependencies:
    camelcase "^5.0.0"
    decamelize "^1.2.0"

yargs@^15.3.1:
  version "15.4.1"
  resolved "https://registry.npm.taobao.org/yargs/download/yargs-15.4.1.tgz?cache=0&sync_timestamp=1607208154489&other_urls=https%3A%2F%2Fregistry.npm.taobao.org%2Fyargs%2Fdownload%2Fyargs-15.4.1.tgz#0d87a16de01aee9d8bec2bfbf74f67851730f4f8"
  integrity sha1-DYehbeAa7p2L7Cv7909nhRcw9Pg=
  dependencies:
    cliui "^6.0.0"
    decamelize "^1.2.0"
    find-up "^4.1.0"
    get-caller-file "^2.0.1"
    require-directory "^2.1.1"
    require-main-filename "^2.0.0"
    set-blocking "^2.0.0"
    string-width "^4.2.0"
    which-module "^2.0.0"
    y18n "^4.0.0"
    yargs-parser "^18.1.2"
